
Microsoft Visual Studio Solution File, Format Version 12.00
# Visual Studio 2012
Project("{FAE04EC0-301F-11D3-BF4B-00C04F79EFBC}") = "ICT13580069FinalA", "ICT13580069FinalA\ICT13580069FinalA.csproj", "{CDA9044C-EE01-4F88-A61F-4FE57DBCB09B}"
EndProject
Project("{FAE04EC0-301F-11D3-BF4B-00C04F79EFBC}") = "ICT13580069FinalA.iOS", "iOS\ICT13580069FinalA.iOS.csproj", "{7A708608-B47A-4A22-ABBF-AF5CEB349B51}"
EndProject
Project("{FAE04EC0-301F-11D3-BF4B-00C04F79EFBC}") = "ICT13580069FinalA.Droid", "Droid\ICT13580069FinalA.Droid.csproj", "{06BE1FD5-19A3-4280-9A7F-864F3D39E7FC}"
EndProject
Global
	GlobalSection(SolutionConfigurationPlatforms) = preSolution
		Debug|Any CPU = Debug|Any CPU
		Release|Any CPU = Release|Any CPU
		Debug|iPhoneSimulator = Debug|iPhoneSimulator
		Release|iPhone = Release|iPhone
		Release|iPhoneSimulator = Release|iPhoneSimulator
		Debug|iPhone = Debug|iPhone
	EndGlobalSection
	GlobalSection(ProjectConfigurationPlatforms) = postSolution
		{CDA9044C-EE01-4F88-A61F-4FE57DBCB09B}.Debug|Any CPU.ActiveCfg = Debug|Any CPU
		{CDA9044C-EE01-4F88-A61F-4FE57DBCB09B}.Debug|Any CPU.Build.0 = Debug|Any CPU
		{CDA9044C-EE01-4F88-A61F-4FE57DBCB09B}.Release|Any CPU.ActiveCfg = Release|Any CPU
		{CDA9044C-EE01-4F88-A61F-4FE57DBCB09B}.Release|Any CPU.Build.0 = Release|Any CPU
		{CDA9044C-EE01-4F88-A61F-4FE57DBCB09B}.Debug|iPhoneSimulator.ActiveCfg = Debug|Any CPU
		{CDA9044C-EE01-4F88-A61F-4FE57DBCB09B}.Debug|iPhoneSimulator.Build.0 = Debug|Any CPU
		{CDA9044C-EE01-4F88-A61F-4FE57DBCB09B}.Release|iPhone.ActiveCfg = Release|Any CPU
		{CDA9044C-EE01-4F88-A61F-4FE57DBCB09B}.Release|iPhone.Build.0 = Release|Any CPU
		{CDA9044C-EE01-4F88-A61F-4FE57DBCB09B}.Release|iPhoneSimulator.ActiveCfg = Release|Any CPU
		{CDA9044C-EE01-4F88-A61F-4FE57DBCB09B}.Release|iPhoneSimulator.Build.0 = Release|Any CPU
		{CDA9044C-EE01-4F88-A61F-4FE57DBCB09B}.Debug|iPhone.ActiveCfg = Debug|Any CPU
		{CDA9044C-EE01-4F88-A61F-4FE57DBCB09B}.Debug|iPhone.Build.0 = Debug|Any CPU
		{7A708608-B47A-4A22-ABBF-AF5CEB349B51}.Debug|Any CPU.ActiveCfg = Debug|iPhoneSimulator
		{7A708608-B47A-4A22-ABBF-AF5CEB349B51}.Debug|Any CPU.Build.0 = Debug|iPhoneSimulator
		{7A708608-B47A-4A22-ABBF-AF5CEB349B51}.Release|Any CPU.ActiveCfg = Release|iPhone
		{7A708608-B47A-4A22-ABBF-AF5CEB349B51}.Release|Any CPU.Build.0 = Release|iPhone
		{7A708608-B47A-4A22-ABBF-AF5CEB349B51}.Debug|iPhoneSimulator.ActiveCfg = Debug|iPhoneSimulator
		{7A708608-B47A-4A22-ABBF-AF5CEB349B51}.Debug|iPhoneSimulator.Build.0 = Debug|iPhoneSimulator
		{7A708608-B47A-4A22-ABBF-AF5CEB349B51}.Release|iPhone.ActiveCfg = Release|iPhone
		{7A708608-B47A-4A22-ABBF-AF5CEB349B51}.Release|iPhone.Build.0 = Release|iPhone
		{7A708608-B47A-4A22-ABBF-AF5CEB349B51}.Release|iPhoneSimulator.ActiveCfg = Release|iPhoneSimulator
		{7A708608-B47A-4A22-ABBF-AF5CEB349B51}.Release|iPhoneSimulator.Build.0 = Release|iPhoneSimulator
		{7A708608-B47A-4A22-ABBF-AF5CEB349B51}.Debug|iPhone.ActiveCfg = Debug|iPhone
		{7A708608-B47A-4A22-ABBF-AF5CEB349B51}.Debug|iPhone.Build.0 = Debug|iPhone
		{06BE1FD5-19A3-4280-9A7F-864F3D39E7FC}.Debug|Any CPU.ActiveCfg = Debug|Any CPU
		{06BE1FD5-19A3-4280-9A7F-864F3D39E7FC}.Debug|Any CPU.Build.0 = Debug|Any CPU
		{06BE1FD5-19A3-4280-9A7F-864F3D39E7FC}.Release|Any CPU.ActiveCfg = Release|Any CPU
		{06BE1FD5-19A3-4280-9A7F-864F3D39E7FC}.Release|Any CPU.Build.0 = Release|Any CPU
		{06BE1FD5-19A3-4280-9A7F-864F3D39E7FC}.Debug|iPhoneSimulator.ActiveCfg = Debug|Any CPU
		{06BE1FD5-19A3-4280-9A7F-864F3D39E7FC}.Debug|iPhoneSimulator.Build.0 = Debug|Any CPU
		{06BE1FD5-19A3-4280-9A7F-864F3D39E7FC}.Release|iPhone.ActiveCfg = Release|Any CPU
		{06BE1FD5-19A3-4280-9A7F-864F3D39E7FC}.Release|iPhone.Build.0 = Release|Any CPU
		{06BE1FD5-19A3-4280-9A7F-864F3D39E7FC}.Release|iPhoneSimulator.ActiveCfg = Release|Any CPU
		{06BE1FD5-19A3-4280-9A7F-864F3D39E7FC}.Release|iPhoneSimulator.Build.0 = Release|Any CPU
		{06BE1FD5-19A3-4280-9A7F-864F3D39E7FC}.Debug|iPhone.ActiveCfg = Debug|Any CPU
		{06BE1FD5-19A3-4280-9A7F-864F3D39E7FC}.Debug|iPhone.Build.0 = Debug|Any CPU
	EndGlobalSection
EndGlobal
